
Microsoft Visual Studio Solution File, Format Version 12.00
# Visual Studio Version 16
VisualStudioVersion = 16.0.32929.386
MinimumVisualStudioVersion = 10.0.40219.1
Project("{FAE04EC0-301F-11D3-BF4B-00C04F79EFBC}") = "Upschool_Api_Consume", "Upschool_Api_Consume\Upschool_Api_Consume.csproj", "{D421E269-B88B-4FFA-B8B4-959E82A54AAF}"
EndProject
Global
	GlobalSection(SolutionConfigurationPlatforms) = preSolution
		Debug|Any CPU = Debug|Any CPU
		Release|Any CPU = Release|Any CPU
	EndGlobalSection
	GlobalSection(ProjectConfigurationPlatforms) = postSolution
		{D421E269-B88B-4FFA-B8B4-959E82A54AAF}.Debug|Any CPU.ActiveCfg = Debug|Any CPU
		{D421E269-B88B-4FFA-B8B4-959E82A54AAF}.Debug|Any CPU.Build.0 = Debug|Any CPU
		{D421E269-B88B-4FFA-B8B4-959E82A54AAF}.Release|Any CPU.ActiveCfg = Release|Any CPU
		{D421E269-B88B-4FFA-B8B4-959E82A54AAF}.Release|Any CPU.Build.0 = Release|Any CPU
	EndGlobalSection
	GlobalSection(SolutionProperties) = preSolution
		HideSolutionNode = FALSE
	EndGlobalSection
	GlobalSection(ExtensibilityGlobals) = postSolution
		SolutionGuid = {6AA1A1BB-B89D-4C95-951A-23C55A675CF1}
	EndGlobalSection
EndGlobal
